
Microsoft Visual Studio Solution File, Format Version 9.00
# Visual Studio 2005
Project("{8BC9CEB8-8B4A-11D0-8D11-00A0C91BC942}") = "phreeqc", "phreeqc.vcproj", "{5CE281D8-8395-4E76-9E90-B442F7A83F47}"
EndProject
Global
	GlobalSection(SolutionConfigurationPlatforms) = preSolution
		ClrDebug|Win32 = ClrDebug|Win32
		ClrDebug|x64 = ClrDebug|x64
		ClrRelease|Win32 = ClrRelease|Win32
		ClrRelease|x64 = ClrRelease|x64
		Debug|Win32 = Debug|Win32
		Debug|x64 = Debug|x64
		Release|Win32 = Release|Win32
		Release|x64 = Release|x64
	EndGlobalSection
	GlobalSection(ProjectConfigurationPlatforms) = postSolution
		{5CE281D8-8395-4E76-9E90-B442F7A83F47}.ClrDebug|Win32.ActiveCfg = ClrDebug|Win32
		{5CE281D8-8395-4E76-9E90-B442F7A83F47}.ClrDebug|Win32.Build.0 = ClrDebug|Win32
		{5CE281D8-8395-4E76-9E90-B442F7A83F47}.ClrDebug|x64.ActiveCfg = ClrDebug|x64
		{5CE281D8-8395-4E76-9E90-B442F7A83F47}.ClrDebug|x64.Build.0 = ClrDebug|x64
		{5CE281D8-8395-4E76-9E90-B442F7A83F47}.ClrRelease|Win32.ActiveCfg = ClrRelease|Win32
		{5CE281D8-8395-4E76-9E90-B442F7A83F47}.ClrRelease|Win32.Build.0 = ClrRelease|Win32
		{5CE281D8-8395-4E76-9E90-B442F7A83F47}.ClrRelease|x64.ActiveCfg = ClrRelease|x64
		{5CE281D8-8395-4E76-9E90-B442F7A83F47}.ClrRelease|x64.Build.0 = ClrRelease|x64
		{5CE281D8-8395-4E76-9E90-B442F7A83F47}.Debug|Win32.ActiveCfg = Debug|Win32
		{5CE281D8-8395-4E76-9E90-B442F7A83F47}.Debug|Win32.Build.0 = Debug|Win32
		{5CE281D8-8395-4E76-9E90-B442F7A83F47}.Debug|x64.ActiveCfg = Debug|x64
		{5CE281D8-8395-4E76-9E90-B442F7A83F47}.Debug|x64.Build.0 = Debug|x64
		{5CE281D8-8395-4E76-9E90-B442F7A83F47}.Release|Win32.ActiveCfg = Release|Win32
		{5CE281D8-8395-4E76-9E90-B442F7A83F47}.Release|Win32.Build.0 = Release|Win32
		{5CE281D8-8395-4E76-9E90-B442F7A83F47}.Release|x64.ActiveCfg = Release|x64
		{5CE281D8-8395-4E76-9E90-B442F7A83F47}.Release|x64.Build.0 = Release|x64
	EndGlobalSection
	GlobalSection(SolutionProperties) = preSolution
		HideSolutionNode = FALSE
	EndGlobalSection
EndGlobal
