<?xml version="1.0" encoding="utf-8"?>
<Project ToolsVersion="4.0" xmlns="http://schemas.microsoft.com/developer/msbuild/2003">
  <ItemGroup>
    <Filter Include="Source Files">
      <UniqueIdentifier>{f0b28757-53eb-4a0a-9971-abcebf91becd}</UniqueIdentifier>
      <Extensions>cpp;c;cxx;rc;def;r;odl;idl;hpj;bat;f90;for;f;fpp</Extensions>
    </Filter>
    <Filter Include="Header Files">
      <UniqueIdentifier>{0e5bdc41-9c52-43ed-b0b3-36edde709f35}</UniqueIdentifier>
      <Extensions>h;hpp;hxx;hm;inl;fi;fd</Extensions>
    </Filter>
    <Filter Include="Resource Files">
      <UniqueIdentifier>{0d87f245-5bad-4a97-8f31-21a911d6a0b7}</UniqueIdentifier>
      <Extensions>ico;cur;bmp;dlg;rc2;rct;bin;rgs;gif;jpg;jpeg;jpe</Extensions>
    </Filter>
  </ItemGroup>
  <ItemGroup>
    <ClCompile Include="src\utilities.cpp">
      <Filter>Source Files</Filter>
    </ClCompile>
    <ClCompile Include="src\advection.cpp">
      <Filter>Source Files</Filter>
    </ClCompile>
    <ClCompile Include="src\basicsubs.cpp">
      <Filter>Source Files</Filter>
    </ClCompile>
    <ClCompile Include="src\cl1.cpp">
      <Filter>Source Files</Filter>
    </ClCompile>
    <ClCompile Include="src\cl1mp.cpp">
      <Filter>Source Files</Filter>
    </ClCompile>
    <ClCompile Include="src\cvdense.cpp">
      <Filter>Source Files</Filter>
    </ClCompile>
    <ClCompile Include="src\cvode.cpp">
      <Filter>Source Files</Filter>
    </ClCompile>
    <ClCompile Include="src\dense.cpp">
      <Filter>Source Files</Filter>
    </ClCompile>
    <ClCompile Include="src\gases.cpp">
      <Filter>Source Files</Filter>
    </ClCompile>
    <ClCompile Include="src\input.cpp">
      <Filter>Source Files</Filter>
    </ClCompile>
    <ClCompile Include="src\integrate.cpp">
      <Filter>Source Files</Filter>
    </ClCompile>
    <ClCompile Include="src\inverse.cpp">
      <Filter>Source Files</Filter>
    </ClCompile>
    <ClCompile Include="src\isotopes.cpp">
      <Filter>Source Files</Filter>
    </ClCompile>
    <ClCompile Include="src\kinetics.cpp">
      <Filter>Source Files</Filter>
    </ClCompile>
    <ClCompile Include="src\mainsubs.cpp">
      <Filter>Source Files</Filter>
    </ClCompile>
    <ClCompile Include="src\model.cpp">
      <Filter>Source Files</Filter>
    </ClCompile>
    <ClCompile Include="src\nvector.cpp">
      <Filter>Source Files</Filter>
    </ClCompile>
    <ClCompile Include="src\nvector_serial.cpp">
      <Filter>Source Files</Filter>
    </ClCompile>
    <ClCompile Include="src\parse.cpp">
      <Filter>Source Files</Filter>
    </ClCompile>
    <ClCompile Include="src\phqalloc.cpp">
      <Filter>Source Files</Filter>
    </ClCompile>
    <ClCompile Include="src\PHRQ_io_output.cpp">
      <Filter>Source Files</Filter>
    </ClCompile>
    <ClCompile Include="src\pitzer.cpp">
      <Filter>Source Files</Filter>
    </ClCompile>
    <ClCompile Include="src\pitzer_structures.cpp">
      <Filter>Source Files</Filter>
    </ClCompile>
    <ClCompile Include="src\prep.cpp">
      <Filter>Source Files</Filter>
    </ClCompile>
    <ClCompile Include="src\print.cpp">
      <Filter>Source Files</Filter>
    </ClCompile>
    <ClCompile Include="src\read.cpp">
      <Filter>Source Files</Filter>
    </ClCompile>
    <ClCompile Include="src\readtr.cpp">
      <Filter>Source Files</Filter>
    </ClCompile>
    <ClCompile Include="src\sit.cpp">
      <Filter>Source Files</Filter>
    </ClCompile>
    <ClCompile Include="src\smalldense.cpp">
      <Filter>Source Files</Filter>
    </ClCompile>
    <ClCompile Include="src\spread.cpp">
      <Filter>Source Files</Filter>
    </ClCompile>
    <ClCompile Include="src\step.cpp">
      <Filter>Source Files</Filter>
    </ClCompile>
    <ClCompile Include="src\structures.cpp">
      <Filter>Source Files</Filter>
    </ClCompile>
    <ClCompile Include="src\sundialsmath.cpp">
      <Filter>Source Files</Filter>
    </ClCompile>
    <ClCompile Include="src\tally.cpp">
      <Filter>Source Files</Filter>
    </ClCompile>
    <ClCompile Include="src\tidy.cpp">
      <Filter>Source Files</Filter>
    </ClCompile>
    <ClCompile Include="src\transport.cpp">
      <Filter>Source Files</Filter>
    </ClCompile>
    <ClCompile Include="src\ChartHandler.cpp">
      <Filter>Source Files</Filter>
    </ClCompile>
    <ClCompile Include="src\ChartObject.cpp">
      <Filter>Source Files</Filter>
    </ClCompile>
    <ClCompile Include="src\class_main.cpp">
      <Filter>Source Files</Filter>
    </ClCompile>
    <ClCompile Include="src\CurveObject.cpp">
      <Filter>Source Files</Filter>
    </ClCompile>
    <ClCompile Include="src\cxxKinetics.cxx">
      <Filter>Source Files</Filter>
    </ClCompile>
    <ClCompile Include="src\cxxMix.cxx">
      <Filter>Source Files</Filter>
    </ClCompile>
    <ClCompile Include="src\dumper.cpp">
      <Filter>Source Files</Filter>
    </ClCompile>
    <ClCompile Include="src\Exchange.cxx">
      <Filter>Source Files</Filter>
    </ClCompile>
    <ClCompile Include="src\ExchComp.cxx">
      <Filter>Source Files</Filter>
    </ClCompile>
    <ClCompile Include="src\GasComp.cxx">
      <Filter>Source Files</Filter>
    </ClCompile>
    <ClCompile Include="src\GasPhase.cxx">
      <Filter>Source Files</Filter>
    </ClCompile>
    <ClCompile Include="src\ISolution.cxx">
      <Filter>Source Files</Filter>
    </ClCompile>
    <ClCompile Include="src\ISolutionComp.cxx">
      <Filter>Source Files</Filter>
    </ClCompile>
    <ClCompile Include="src\KineticsComp.cxx">
      <Filter>Source Files</Filter>
    </ClCompile>
    <ClCompile Include="src\NameDouble.cxx">
      <Filter>Source Files</Filter>
    </ClCompile>
    <ClCompile Include="src\NumKeyword.cxx">
      <Filter>Source Files</Filter>
    </ClCompile>
    <ClCompile Include="src\PBasic.cpp">
      <Filter>Source Files</Filter>
    </ClCompile>
    <ClCompile Include="src\Phreeqc.cpp">
      <Filter>Source Files</Filter>
    </ClCompile>
    <ClCompile Include="src\PPassemblage.cxx">
      <Filter>Source Files</Filter>
    </ClCompile>
    <ClCompile Include="src\PPassemblageComp.cxx">
      <Filter>Source Files</Filter>
    </ClCompile>
    <ClCompile Include="src\Pressure.cxx">
      <Filter>Source Files</Filter>
    </ClCompile>
    <ClCompile Include="src\Reaction.cxx">
      <Filter>Source Files</Filter>
    </ClCompile>
    <ClCompile Include="src\ReadClass.cxx">
      <Filter>Source Files</Filter>
    </ClCompile>
    <ClCompile Include="src\runner.cpp">
      <Filter>Source Files</Filter>
    </ClCompile>
    <ClCompile Include="src\SelectedOutput.cpp">
      <Filter>Source Files</Filter>
    </ClCompile>
    <ClCompile Include="src\Solution.cxx">
      <Filter>Source Files</Filter>
    </ClCompile>
    <ClCompile Include="src\SolutionIsotope.cxx">
      <Filter>Source Files</Filter>
    </ClCompile>
    <ClCompile Include="src\SS.cxx">
      <Filter>Source Files</Filter>
    </ClCompile>
    <ClCompile Include="src\SSassemblage.cxx">
      <Filter>Source Files</Filter>
    </ClCompile>
    <ClCompile Include="src\SScomp.cxx">
      <Filter>Source Files</Filter>
    </ClCompile>
    <ClCompile Include="src\StorageBin.cxx">
      <Filter>Source Files</Filter>
    </ClCompile>
    <ClCompile Include="src\StorageBinList.cpp">
      <Filter>Source Files</Filter>
    </ClCompile>
    <ClCompile Include="src\Surface.cxx">
      <Filter>Source Files</Filter>
    </ClCompile>
    <ClCompile Include="src\SurfaceCharge.cxx">
      <Filter>Source Files</Filter>
    </ClCompile>
    <ClCompile Include="src\SurfaceComp.cxx">
      <Filter>Source Files</Filter>
    </ClCompile>
    <ClCompile Include="src\System.cxx">
      <Filter>Source Files</Filter>
    </ClCompile>
    <ClCompile Include="src\Temperature.cxx">
      <Filter>Source Files</Filter>
    </ClCompile>
    <ClCompile Include="src\Use.cpp">
      <Filter>Source Files</Filter>
    </ClCompile>
    <ClCompile Include="src\UserPunch.cpp">
      <Filter>Source Files</Filter>
    </ClCompile>
    <ClCompile Include="src\PhreeqcKeywords\Keywords.cpp">
      <Filter>Source Files</Filter>
    </ClCompile>
    <ClCompile Include="src\common\PHRQ_io.cpp">
      <Filter>Source Files</Filter>
    </ClCompile>
    <ClCompile Include="src\common\Parser.cxx">
      <Filter>Source Files</Filter>
    </ClCompile>
    <ClCompile Include="src\common\PHRQ_base.cxx">
      <Filter>Source Files</Filter>
    </ClCompile>
    <ClCompile Include="src\common\Utils.cxx">
      <Filter>Source Files</Filter>
    </ClCompile>
    <ClCompile Include="src\Dictionary.cpp">
      <Filter>Source Files</Filter>
    </ClCompile>
    <ClCompile Include="src\Serializer.cxx">
      <Filter>Source Files</Filter>
    </ClCompile>
  </ItemGroup>
  <ItemGroup>
    <ClInclude Include="src\ChartHandler.h">
      <Filter>Header Files</Filter>
    </ClInclude>
    <ClInclude Include="src\ChartObject.h">
      <Filter>Header Files</Filter>
    </ClInclude>
    <ClInclude Include="src\CurveObject.h">
      <Filter>Header Files</Filter>
    </ClInclude>
    <ClInclude Include="src\cvdense.h">
      <Filter>Header Files</Filter>
    </ClInclude>
    <ClInclude Include="src\cvode.h">
      <Filter>Header Files</Filter>
    </ClInclude>
    <ClInclude Include="src\cxxKinetics.h">
      <Filter>Header Files</Filter>
    </ClInclude>
    <ClInclude Include="src\cxxMix.h">
      <Filter>Header Files</Filter>
    </ClInclude>
    <ClInclude Include="src\dense.h">
      <Filter>Header Files</Filter>
    </ClInclude>
    <ClInclude Include="src\dumper.h">
      <Filter>Header Files</Filter>
    </ClInclude>
    <ClInclude Include="src\Exchange.h">
      <Filter>Header Files</Filter>
    </ClInclude>
    <ClInclude Include="src\ExchComp.h">
      <Filter>Header Files</Filter>
    </ClInclude>
    <ClInclude Include="src\GasPhase.h">
      <Filter>Header Files</Filter>
    </ClInclude>
    <ClInclude Include="src\global_structures.h">
      <Filter>Header Files</Filter>
    </ClInclude>
    <ClInclude Include="src\ISolution.h">
      <Filter>Header Files</Filter>
    </ClInclude>
    <ClInclude Include="src\ISolutionComp.h">
      <Filter>Header Files</Filter>
    </ClInclude>
    <ClInclude Include="src\KineticsComp.h">
      <Filter>Header Files</Filter>
    </ClInclude>
    <ClInclude Include="src\NameDouble.h">
      <Filter>Header Files</Filter>
    </ClInclude>
    <ClInclude Include="src\NumKeyword.h">
      <Filter>Header Files</Filter>
    </ClInclude>
    <ClInclude Include="src\nvector.h">
      <Filter>Header Files</Filter>
    </ClInclude>
    <ClInclude Include="src\nvector_serial.h">
      <Filter>Header Files</Filter>
    </ClInclude>
    <ClInclude Include="src\phqalloc.h">
      <Filter>Header Files</Filter>
    </ClInclude>
    <ClInclude Include="src\PPassemblage.h">
      <Filter>Header Files</Filter>
    </ClInclude>
    <ClInclude Include="src\PPassemblageComp.h">
      <Filter>Header Files</Filter>
    </ClInclude>
    <ClInclude Include="src\Reaction.h">
      <Filter>Header Files</Filter>
    </ClInclude>
    <ClInclude Include="resource.h">
      <Filter>Header Files</Filter>
    </ClInclude>
    <ClInclude Include="src\runner.h">
      <Filter>Header Files</Filter>
    </ClInclude>
    <ClInclude Include="src\smalldense.h">
      <Filter>Header Files</Filter>
    </ClInclude>
    <ClInclude Include="src\Solution.h">
      <Filter>Header Files</Filter>
    </ClInclude>
    <ClInclude Include="src\SolutionIsotope.h">
      <Filter>Header Files</Filter>
    </ClInclude>
    <ClInclude Include="src\SSassemblage.h">
      <Filter>Header Files</Filter>
    </ClInclude>
    <ClInclude Include="src\StorageBin.h">
      <Filter>Header Files</Filter>
    </ClInclude>
    <ClInclude Include="src\StorageBinList.h">
      <Filter>Header Files</Filter>
    </ClInclude>
    <ClInclude Include="src\sundialsmath.h">
      <Filter>Header Files</Filter>
    </ClInclude>
    <ClInclude Include="src\sundialstypes.h">
      <Filter>Header Files</Filter>
    </ClInclude>
    <ClInclude Include="src\Surface.h">
      <Filter>Header Files</Filter>
    </ClInclude>
    <ClInclude Include="src\SurfaceCharge.h">
      <Filter>Header Files</Filter>
    </ClInclude>
    <ClInclude Include="src\SurfaceComp.h">
      <Filter>Header Files</Filter>
    </ClInclude>
    <ClInclude Include="src\System.h">
      <Filter>Header Files</Filter>
    </ClInclude>
    <ClInclude Include="src\Temperature.h">
      <Filter>Header Files</Filter>
    </ClInclude>
    <ClInclude Include="src\PBasic.h">
      <Filter>Header Files</Filter>
    </ClInclude>
    <ClInclude Include="src\Pressure.h">
      <Filter>Header Files</Filter>
    </ClInclude>
    <ClInclude Include="src\GasComp.h">
      <Filter>Header Files</Filter>
    </ClInclude>
    <ClInclude Include="src\Use.h">
      <Filter>Header Files</Filter>
    </ClInclude>
    <ClInclude Include="src\SS.h">
      <Filter>Header Files</Filter>
    </ClInclude>
    <ClInclude Include="src\NA.h">
      <Filter>Header Files</Filter>
    </ClInclude>
    <ClInclude Include="src\SScomp.h">
      <Filter>Header Files</Filter>
    </ClInclude>
    <ClInclude Include="src\Form1.h">
      <Filter>Header Files</Filter>
    </ClInclude>
    <ClInclude Include="src\SelectedOutput.h">
      <Filter>Header Files</Filter>
    </ClInclude>
    <ClInclude Include="src\UserPunch.h">
      <Filter>Header Files</Filter>
    </ClInclude>
    <ClInclude Include="src\PhreeqcKeywords\Keywords.h">
      <Filter>Header Files</Filter>
    </ClInclude>
    <ClInclude Include="src\common\Parser.h">
      <Filter>Header Files</Filter>
    </ClInclude>
    <ClInclude Include="src\common\PHRQ_base.h">
      <Filter>Header Files</Filter>
    </ClInclude>
    <ClInclude Include="src\common\PHRQ_io.h">
      <Filter>Header Files</Filter>
    </ClInclude>
    <ClInclude Include="src\common\phrqtype.h">
      <Filter>Header Files</Filter>
    </ClInclude>
    <ClInclude Include="src\common\Utils.h">
      <Filter>Header Files</Filter>
    </ClInclude>
    <ClInclude Include="src\Dictionary.h">
      <Filter>Header Files</Filter>
    </ClInclude>
    <ClInclude Include="src\Serializer.h">
      <Filter>Header Files</Filter>
    </ClInclude>
  </ItemGroup>
  <ItemGroup>
    <EmbeddedResource Include="src\Form1.resX">
      <Filter>Resource Files</Filter>
    </EmbeddedResource>
  </ItemGroup>
  <ItemGroup>
    <CustomBuildStep Include="src\Phreeqc.h">
      <Filter>Header Files</Filter>
    </CustomBuildStep>
  </ItemGroup>
</Project>