
Microsoft Visual Studio Solution File, Format Version 9.00
# Visual Studio 2005
Project("{8BC9CEB8-8B4A-11D0-8D11-00A0C91BC942}") = "phreeqc", "phreeqcpp.vcproj", "{5CE281D8-8395-4E76-9E90-B442F7A83F47}"
EndProject
Global
	GlobalSection(SolutionConfigurationPlatforms) = preSolution
		Class_debug|Mixed Platforms = Class_debug|Mixed Platforms
		Class_debug|Win32 = Class_debug|Win32
		Class_debug|x86 = Class_debug|x86
		Class_release|Mixed Platforms = Class_release|Mixed Platforms
		Class_release|Win32 = Class_release|Win32
		Class_release|x86 = Class_release|x86
		ClrClass_debug|Mixed Platforms = ClrClass_debug|Mixed Platforms
		ClrClass_debug|Win32 = ClrClass_debug|Win32
		ClrClass_debug|x86 = ClrClass_debug|x86
		ClrClass_release|Mixed Platforms = ClrClass_release|Mixed Platforms
		ClrClass_release|Win32 = ClrClass_release|Win32
		ClrClass_release|x86 = ClrClass_release|x86
		Debug|Mixed Platforms = Debug|Mixed Platforms
		Debug|Win32 = Debug|Win32
		Debug|x86 = Debug|x86
		Release|Mixed Platforms = Release|Mixed Platforms
		Release|Win32 = Release|Win32
		Release|x86 = Release|x86
	EndGlobalSection
	GlobalSection(ProjectConfigurationPlatforms) = postSolution
		{5CE281D8-8395-4E76-9E90-B442F7A83F47}.Class_debug|Mixed Platforms.ActiveCfg = ClrRelease|Win32
		{5CE281D8-8395-4E76-9E90-B442F7A83F47}.Class_debug|Mixed Platforms.Build.0 = ClrRelease|Win32
		{5CE281D8-8395-4E76-9E90-B442F7A83F47}.Class_debug|Win32.ActiveCfg = ClrRelease|Win32
		{5CE281D8-8395-4E76-9E90-B442F7A83F47}.Class_debug|Win32.Build.0 = ClrRelease|Win32
		{5CE281D8-8395-4E76-9E90-B442F7A83F47}.Class_debug|x86.ActiveCfg = ClrRelease|Win32
		{5CE281D8-8395-4E76-9E90-B442F7A83F47}.Class_release|Mixed Platforms.ActiveCfg = ClrRelease|Win32
		{5CE281D8-8395-4E76-9E90-B442F7A83F47}.Class_release|Mixed Platforms.Build.0 = ClrRelease|Win32
		{5CE281D8-8395-4E76-9E90-B442F7A83F47}.Class_release|Win32.ActiveCfg = ClrRelease|Win32
		{5CE281D8-8395-4E76-9E90-B442F7A83F47}.Class_release|Win32.Build.0 = ClrRelease|Win32
		{5CE281D8-8395-4E76-9E90-B442F7A83F47}.Class_release|x86.ActiveCfg = ClrRelease|Win32
		{5CE281D8-8395-4E76-9E90-B442F7A83F47}.ClrClass_debug|Mixed Platforms.ActiveCfg = ClrRelease|Win32
		{5CE281D8-8395-4E76-9E90-B442F7A83F47}.ClrClass_debug|Mixed Platforms.Build.0 = ClrRelease|Win32
		{5CE281D8-8395-4E76-9E90-B442F7A83F47}.ClrClass_debug|Win32.ActiveCfg = ClrRelease|Win32
		{5CE281D8-8395-4E76-9E90-B442F7A83F47}.ClrClass_debug|Win32.Build.0 = ClrRelease|Win32
		{5CE281D8-8395-4E76-9E90-B442F7A83F47}.ClrClass_debug|x86.ActiveCfg = ClrRelease|Win32
		{5CE281D8-8395-4E76-9E90-B442F7A83F47}.ClrClass_release|Mixed Platforms.ActiveCfg = ClrRelease|Win32
		{5CE281D8-8395-4E76-9E90-B442F7A83F47}.ClrClass_release|Mixed Platforms.Build.0 = ClrRelease|Win32
		{5CE281D8-8395-4E76-9E90-B442F7A83F47}.ClrClass_release|Win32.ActiveCfg = ClrRelease|Win32
		{5CE281D8-8395-4E76-9E90-B442F7A83F47}.ClrClass_release|Win32.Build.0 = ClrRelease|Win32
		{5CE281D8-8395-4E76-9E90-B442F7A83F47}.ClrClass_release|x86.ActiveCfg = ClrRelease|Win32
		{5CE281D8-8395-4E76-9E90-B442F7A83F47}.Debug|Mixed Platforms.ActiveCfg = Debug|Win32
		{5CE281D8-8395-4E76-9E90-B442F7A83F47}.Debug|Mixed Platforms.Build.0 = Debug|Win32
		{5CE281D8-8395-4E76-9E90-B442F7A83F47}.Debug|Win32.ActiveCfg = Debug|Win32
		{5CE281D8-8395-4E76-9E90-B442F7A83F47}.Debug|Win32.Build.0 = Debug|Win32
		{5CE281D8-8395-4E76-9E90-B442F7A83F47}.Debug|x86.ActiveCfg = Debug|Win32
		{5CE281D8-8395-4E76-9E90-B442F7A83F47}.Release|Mixed Platforms.ActiveCfg = Release|Win32
		{5CE281D8-8395-4E76-9E90-B442F7A83F47}.Release|Mixed Platforms.Build.0 = Release|Win32
		{5CE281D8-8395-4E76-9E90-B442F7A83F47}.Release|Win32.ActiveCfg = Release|Win32
		{5CE281D8-8395-4E76-9E90-B442F7A83F47}.Release|Win32.Build.0 = Release|Win32
		{5CE281D8-8395-4E76-9E90-B442F7A83F47}.Release|x86.ActiveCfg = Release|Win32
	EndGlobalSection
	GlobalSection(SolutionProperties) = preSolution
		HideSolutionNode = FALSE
	EndGlobalSection
EndGlobal
