<?xml version="1.0" encoding="utf-8"?>
<Project ToolsVersion="4.0" xmlns="http://schemas.microsoft.com/developer/msbuild/2003">
  <ItemGroup>
    <Filter Include="Source Files">
      <UniqueIdentifier>{f0b28757-53eb-4a0a-9971-abcebf91becd}</UniqueIdentifier>
      <Extensions>cpp;c;cxx;rc;def;r;odl;idl;hpj;bat;f90;for;f;fpp</Extensions>
    </Filter>
    <Filter Include="Source Files\phreeqc">
      <UniqueIdentifier>{cd58f030-3559-4360-80cb-f33b10e55a2d}</UniqueIdentifier>
    </Filter>
    <Filter Include="Source Files\phreeqcpp">
      <UniqueIdentifier>{8650d67c-cb15-4ad3-a49a-9030cc53a4eb}</UniqueIdentifier>
    </Filter>
    <Filter Include="Header Files">
      <UniqueIdentifier>{0e5bdc41-9c52-43ed-b0b3-36edde709f35}</UniqueIdentifier>
      <Extensions>h;hpp;hxx;hm;inl;fi;fd</Extensions>
    </Filter>
    <Filter Include="Resource Files">
      <UniqueIdentifier>{0d87f245-5bad-4a97-8f31-21a911d6a0b7}</UniqueIdentifier>
      <Extensions>ico;cur;bmp;dlg;rc2;rct;bin;rgs;gif;jpg;jpeg;jpe</Extensions>
    </Filter>
  </ItemGroup>
  <ItemGroup>
    <ClCompile Include="src\phreeqc\advection.cpp">
      <Filter>Source Files\phreeqc</Filter>
    </ClCompile>
    <ClCompile Include="src\phreeqc\basicsubs.cpp">
      <Filter>Source Files\phreeqc</Filter>
    </ClCompile>
    <ClCompile Include="src\phreeqc\cl1.cpp">
      <Filter>Source Files\phreeqc</Filter>
    </ClCompile>
    <ClCompile Include="src\phreeqc\cl1mp.cpp">
      <Filter>Source Files\phreeqc</Filter>
    </ClCompile>
    <ClCompile Include="src\phreeqc\cvdense.cpp">
      <Filter>Source Files\phreeqc</Filter>
    </ClCompile>
    <ClCompile Include="src\phreeqc\cvode.cpp">
      <Filter>Source Files\phreeqc</Filter>
    </ClCompile>
    <ClCompile Include="src\phreeqc\dense.cpp">
      <Filter>Source Files\phreeqc</Filter>
    </ClCompile>
    <ClCompile Include="src\phreeqc\dw.cpp">
      <Filter>Source Files\phreeqc</Filter>
    </ClCompile>
    <ClCompile Include="src\phreeqc\input.cpp">
      <Filter>Source Files\phreeqc</Filter>
    </ClCompile>
    <ClCompile Include="src\phreeqc\integrate.cpp">
      <Filter>Source Files\phreeqc</Filter>
    </ClCompile>
    <ClCompile Include="src\phreeqc\inverse.cpp">
      <Filter>Source Files\phreeqc</Filter>
    </ClCompile>
    <ClCompile Include="src\phreeqc\isotopes.cpp">
      <Filter>Source Files\phreeqc</Filter>
    </ClCompile>
    <ClCompile Include="src\phreeqc\kinetics.cpp">
      <Filter>Source Files\phreeqc</Filter>
    </ClCompile>
    <ClCompile Include="src\phreeqc\mainsubs.cpp">
      <Filter>Source Files\phreeqc</Filter>
    </ClCompile>
    <ClCompile Include="src\phreeqc\model.cpp">
      <Filter>Source Files\phreeqc</Filter>
    </ClCompile>
    <ClCompile Include="src\phreeqc\nvector.cpp">
      <Filter>Source Files\phreeqc</Filter>
    </ClCompile>
    <ClCompile Include="src\phreeqc\nvector_serial.cpp">
      <Filter>Source Files\phreeqc</Filter>
    </ClCompile>
    <ClCompile Include="src\phreeqc\parse.cpp">
      <Filter>Source Files\phreeqc</Filter>
    </ClCompile>
    <ClCompile Include="src\phreeqc\phqalloc.cpp">
      <Filter>Source Files\phreeqc</Filter>
    </ClCompile>
    <ClCompile Include="src\phreeqc\PHRQ_io_output.cpp">
      <Filter>Source Files\phreeqc</Filter>
    </ClCompile>
    <ClCompile Include="src\phreeqc\pitzer.cpp">
      <Filter>Source Files\phreeqc</Filter>
    </ClCompile>
    <ClCompile Include="src\phreeqc\pitzer_structures.cpp">
      <Filter>Source Files\phreeqc</Filter>
    </ClCompile>
    <ClCompile Include="src\phreeqc\prep.cpp">
      <Filter>Source Files\phreeqc</Filter>
    </ClCompile>
    <ClCompile Include="src\phreeqc\print.cpp">
      <Filter>Source Files\phreeqc</Filter>
    </ClCompile>
    <ClCompile Include="src\phreeqc\read.cpp">
      <Filter>Source Files\phreeqc</Filter>
    </ClCompile>
    <ClCompile Include="src\phreeqc\readtr.cpp">
      <Filter>Source Files\phreeqc</Filter>
    </ClCompile>
    <ClCompile Include="src\phreeqc\sit.cpp">
      <Filter>Source Files\phreeqc</Filter>
    </ClCompile>
    <ClCompile Include="src\phreeqc\smalldense.cpp">
      <Filter>Source Files\phreeqc</Filter>
    </ClCompile>
    <ClCompile Include="src\phreeqc\spread.cpp">
      <Filter>Source Files\phreeqc</Filter>
    </ClCompile>
    <ClCompile Include="src\phreeqc\step.cpp">
      <Filter>Source Files\phreeqc</Filter>
    </ClCompile>
    <ClCompile Include="src\phreeqc\structures.cpp">
      <Filter>Source Files\phreeqc</Filter>
    </ClCompile>
    <ClCompile Include="src\phreeqc\sundialsmath.cpp">
      <Filter>Source Files\phreeqc</Filter>
    </ClCompile>
    <ClCompile Include="src\phreeqc\tally.cpp">
      <Filter>Source Files\phreeqc</Filter>
    </ClCompile>
    <ClCompile Include="src\phreeqc\tidy.cpp">
      <Filter>Source Files\phreeqc</Filter>
    </ClCompile>
    <ClCompile Include="src\phreeqc\transport.cpp">
      <Filter>Source Files\phreeqc</Filter>
    </ClCompile>
    <ClCompile Include="src\phreeqc\utilities.cpp">
      <Filter>Source Files\phreeqc</Filter>
    </ClCompile>
    <ClCompile Include="src\ChartHandler.cpp">
      <Filter>Source Files\phreeqcpp</Filter>
    </ClCompile>
    <ClCompile Include="src\ChartObject.cpp">
      <Filter>Source Files\phreeqcpp</Filter>
    </ClCompile>
    <ClCompile Include="src\class_main.cpp">
      <Filter>Source Files\phreeqcpp</Filter>
    </ClCompile>
    <ClCompile Include="src\CurveObject.cpp">
      <Filter>Source Files\phreeqcpp</Filter>
    </ClCompile>
    <ClCompile Include="src\cxxKinetics.cxx">
      <Filter>Source Files\phreeqcpp</Filter>
    </ClCompile>
    <ClCompile Include="src\cxxMix.cxx">
      <Filter>Source Files\phreeqcpp</Filter>
    </ClCompile>
    <ClCompile Include="src\dumper.cpp">
      <Filter>Source Files\phreeqcpp</Filter>
    </ClCompile>
    <ClCompile Include="src\Exchange.cxx">
      <Filter>Source Files\phreeqcpp</Filter>
    </ClCompile>
    <ClCompile Include="src\ExchComp.cxx">
      <Filter>Source Files\phreeqcpp</Filter>
    </ClCompile>
    <ClCompile Include="src\GasPhase.cxx">
      <Filter>Source Files\phreeqcpp</Filter>
    </ClCompile>
    <ClCompile Include="src\ISolution.cxx">
      <Filter>Source Files\phreeqcpp</Filter>
    </ClCompile>
    <ClCompile Include="src\ISolutionComp.cxx">
      <Filter>Source Files\phreeqcpp</Filter>
    </ClCompile>
    <ClCompile Include="src\KineticsComp.cxx">
      <Filter>Source Files\phreeqcpp</Filter>
    </ClCompile>
    <ClCompile Include="src\NameDouble.cxx">
      <Filter>Source Files\phreeqcpp</Filter>
    </ClCompile>
    <ClCompile Include="src\NumKeyword.cxx">
      <Filter>Source Files\phreeqcpp</Filter>
    </ClCompile>
    <ClCompile Include="src\Parser.cxx">
      <Filter>Source Files\phreeqcpp</Filter>
    </ClCompile>
    <ClCompile Include="src\Phreeqc.cpp">
      <Filter>Source Files\phreeqcpp</Filter>
    </ClCompile>
    <ClCompile Include="src\PHRQ_base.cxx">
      <Filter>Source Files\phreeqcpp</Filter>
    </ClCompile>
    <ClCompile Include="src\PHRQ_io.cpp">
      <Filter>Source Files\phreeqcpp</Filter>
    </ClCompile>
    <ClCompile Include="src\PPassemblage.cxx">
      <Filter>Source Files\phreeqcpp</Filter>
    </ClCompile>
    <ClCompile Include="src\PPassemblageComp.cxx">
      <Filter>Source Files\phreeqcpp</Filter>
    </ClCompile>
    <ClCompile Include="src\Reaction.cxx">
      <Filter>Source Files\phreeqcpp</Filter>
    </ClCompile>
    <ClCompile Include="src\ReadClass.cxx">
      <Filter>Source Files\phreeqcpp</Filter>
    </ClCompile>
    <ClCompile Include="src\runner.cpp">
      <Filter>Source Files\phreeqcpp</Filter>
    </ClCompile>
    <ClCompile Include="src\Solution.cxx">
      <Filter>Source Files\phreeqcpp</Filter>
    </ClCompile>
    <ClCompile Include="src\SolutionIsotope.cxx">
      <Filter>Source Files\phreeqcpp</Filter>
    </ClCompile>
    <ClCompile Include="src\SolutionIsotopeList.cxx">
      <Filter>Source Files\phreeqcpp</Filter>
    </ClCompile>
    <ClCompile Include="src\SSassemblage.cxx">
      <Filter>Source Files\phreeqcpp</Filter>
    </ClCompile>
    <ClCompile Include="src\SSassemblageSS.cxx">
      <Filter>Source Files\phreeqcpp</Filter>
    </ClCompile>
    <ClCompile Include="src\StorageBin.cxx">
      <Filter>Source Files\phreeqcpp</Filter>
    </ClCompile>
    <ClCompile Include="src\StorageBinList.cpp">
      <Filter>Source Files\phreeqcpp</Filter>
    </ClCompile>
    <ClCompile Include="src\Surface.cxx">
      <Filter>Source Files\phreeqcpp</Filter>
    </ClCompile>
    <ClCompile Include="src\SurfaceCharge.cxx">
      <Filter>Source Files\phreeqcpp</Filter>
    </ClCompile>
    <ClCompile Include="src\SurfaceComp.cxx">
      <Filter>Source Files\phreeqcpp</Filter>
    </ClCompile>
    <ClCompile Include="src\System.cxx">
      <Filter>Source Files\phreeqcpp</Filter>
    </ClCompile>
    <ClCompile Include="src\Temperature.cxx">
      <Filter>Source Files\phreeqcpp</Filter>
    </ClCompile>
    <ClCompile Include="src\Utils.cxx">
      <Filter>Source Files\phreeqcpp</Filter>
    </ClCompile>
    <ClCompile Include="src\PBasic.cpp">
      <Filter>Source Files\phreeqcpp</Filter>
    </ClCompile>
    <ClCompile Include="src\Pressure.cxx">
      <Filter>Source Files\phreeqcpp</Filter>
    </ClCompile>
    <ClCompile Include="src\Keywords.cpp">
      <Filter>Source Files\phreeqcpp</Filter>
    </ClCompile>
    <ClCompile Include="src\phreeqc\gases.cpp">
      <Filter>Source Files\phreeqc</Filter>
    </ClCompile>
    <ClCompile Include="src\GasComp.cxx">
      <Filter>Source Files\phreeqcpp</Filter>
    </ClCompile>
  </ItemGroup>
  <ItemGroup>
    <ClInclude Include="src\ChartHandler.h">
      <Filter>Header Files</Filter>
    </ClInclude>
    <ClInclude Include="src\ChartObject.h">
      <Filter>Header Files</Filter>
    </ClInclude>
    <ClInclude Include="src\CurveObject.h">
      <Filter>Header Files</Filter>
    </ClInclude>
    <ClInclude Include="src\phreeqc\cvdense.h">
      <Filter>Header Files</Filter>
    </ClInclude>
    <ClInclude Include="src\phreeqc\cvode.h">
      <Filter>Header Files</Filter>
    </ClInclude>
    <ClInclude Include="src\cxxKinetics.h">
      <Filter>Header Files</Filter>
    </ClInclude>
    <ClInclude Include="src\cxxMix.h">
      <Filter>Header Files</Filter>
    </ClInclude>
    <ClInclude Include="src\phreeqc\dense.h">
      <Filter>Header Files</Filter>
    </ClInclude>
    <ClInclude Include="src\dumper.h">
      <Filter>Header Files</Filter>
    </ClInclude>
    <ClInclude Include="src\Exchange.h">
      <Filter>Header Files</Filter>
    </ClInclude>
    <ClInclude Include="src\ExchComp.h">
      <Filter>Header Files</Filter>
    </ClInclude>
    <ClInclude Include="src\phreeqc\Form2.h">
      <Filter>Header Files</Filter>
    </ClInclude>
    <ClInclude Include="src\GasPhase.h">
      <Filter>Header Files</Filter>
    </ClInclude>
    <ClInclude Include="src\phreeqc\global_structures.h">
      <Filter>Header Files</Filter>
    </ClInclude>
    <ClInclude Include="src\phreeqc\input.h">
      <Filter>Header Files</Filter>
    </ClInclude>
    <ClInclude Include="src\ISolution.h">
      <Filter>Header Files</Filter>
    </ClInclude>
    <ClInclude Include="src\ISolutionComp.h">
      <Filter>Header Files</Filter>
    </ClInclude>
    <ClInclude Include="src\phreeqc\kinetics.h">
      <Filter>Header Files</Filter>
    </ClInclude>
    <ClInclude Include="src\KineticsComp.h">
      <Filter>Header Files</Filter>
    </ClInclude>
    <ClInclude Include="src\NameDouble.h">
      <Filter>Header Files</Filter>
    </ClInclude>
    <ClInclude Include="src\NumKeyword.h">
      <Filter>Header Files</Filter>
    </ClInclude>
    <ClInclude Include="src\phreeqc\nvector.h">
      <Filter>Header Files</Filter>
    </ClInclude>
    <ClInclude Include="src\phreeqc\nvector_serial.h">
      <Filter>Header Files</Filter>
    </ClInclude>
    <ClInclude Include="src\phreeqc\output.h">
      <Filter>Header Files</Filter>
    </ClInclude>
    <ClInclude Include="src\Parser.h">
      <Filter>Header Files</Filter>
    </ClInclude>
    <ClInclude Include="src\phreeqc\phqalloc.h">
      <Filter>Header Files</Filter>
    </ClInclude>
    <ClInclude Include="src\PHRQ_base.h">
      <Filter>Header Files</Filter>
    </ClInclude>
    <ClInclude Include="src\PHRQ_io.h">
      <Filter>Header Files</Filter>
    </ClInclude>
    <ClInclude Include="src\phreeqc\phrqtype.h">
      <Filter>Header Files</Filter>
    </ClInclude>
    <ClInclude Include="src\PPassemblage.h">
      <Filter>Header Files</Filter>
    </ClInclude>
    <ClInclude Include="src\PPassemblageComp.h">
      <Filter>Header Files</Filter>
    </ClInclude>
    <ClInclude Include="src\Reaction.h">
      <Filter>Header Files</Filter>
    </ClInclude>
    <ClInclude Include="resource.h">
      <Filter>Header Files</Filter>
    </ClInclude>
    <ClInclude Include="src\runner.h">
      <Filter>Header Files</Filter>
    </ClInclude>
    <ClInclude Include="src\phreeqc\smalldense.h">
      <Filter>Header Files</Filter>
    </ClInclude>
    <ClInclude Include="src\Solution.h">
      <Filter>Header Files</Filter>
    </ClInclude>
    <ClInclude Include="src\SolutionIsotope.h">
      <Filter>Header Files</Filter>
    </ClInclude>
    <ClInclude Include="src\solutionisotopelist.h">
      <Filter>Header Files</Filter>
    </ClInclude>
    <ClInclude Include="src\SSassemblage.h">
      <Filter>Header Files</Filter>
    </ClInclude>
    <ClInclude Include="src\SSassemblageSS.h">
      <Filter>Header Files</Filter>
    </ClInclude>
    <ClInclude Include="src\StorageBin.h">
      <Filter>Header Files</Filter>
    </ClInclude>
    <ClInclude Include="src\StorageBinList.h">
      <Filter>Header Files</Filter>
    </ClInclude>
    <ClInclude Include="src\phreeqc\sundialsmath.h">
      <Filter>Header Files</Filter>
    </ClInclude>
    <ClInclude Include="src\phreeqc\sundialstypes.h">
      <Filter>Header Files</Filter>
    </ClInclude>
    <ClInclude Include="src\Surface.h">
      <Filter>Header Files</Filter>
    </ClInclude>
    <ClInclude Include="src\SurfaceCharge.h">
      <Filter>Header Files</Filter>
    </ClInclude>
    <ClInclude Include="src\SurfaceComp.h">
      <Filter>Header Files</Filter>
    </ClInclude>
    <ClInclude Include="src\System.h">
      <Filter>Header Files</Filter>
    </ClInclude>
    <ClInclude Include="src\Temperature.h">
      <Filter>Header Files</Filter>
    </ClInclude>
    <ClInclude Include="src\Utils.h">
      <Filter>Header Files</Filter>
    </ClInclude>
    <ClInclude Include="src\PBasic.h">
      <Filter>Header Files</Filter>
    </ClInclude>
    <ClInclude Include="src\Pressure.h">
      <Filter>Header Files</Filter>
    </ClInclude>
    <ClInclude Include="src\Keywords.h">
      <Filter>Header Files</Filter>
    </ClInclude>
    <ClInclude Include="src\GasComp.h">
      <Filter>Header Files</Filter>
    </ClInclude>
    <ClInclude Include="src\Phreeqc_class.h">
      <Filter>Header Files</Filter>
    </ClInclude>
  </ItemGroup>
  <ItemGroup>
    <EmbeddedResource Include="src\phreeqc\Form1.resX">
      <Filter>Resource Files</Filter>
    </EmbeddedResource>
  </ItemGroup>
  <ItemGroup>
    <CustomBuildStep Include="src\Phreeqc.h">
      <Filter>Header Files</Filter>
    </CustomBuildStep>
  </ItemGroup>
</Project>