
Microsoft Visual Studio Solution File, Format Version 9.00
# Visual Studio 2005
Project("{8BC9CEB8-8B4A-11D0-8D11-00A0C91BC942}") = "advect_c", "advect_c.vcproj", "{BD883425-1DD0-466A-911B-32AD6D4CE262}"
EndProject
Global
	GlobalSection(SolutionConfigurationPlatforms) = preSolution
		Debug|Win32 = Debug|Win32
		DebugDll|Win32 = DebugDll|Win32
		Release|Win32 = Release|Win32
		ReleaseDll|Win32 = ReleaseDll|Win32
	EndGlobalSection
	GlobalSection(ProjectConfigurationPlatforms) = postSolution
		{BD883425-1DD0-466A-911B-32AD6D4CE262}.Debug|Win32.ActiveCfg = Debug|Win32
		{BD883425-1DD0-466A-911B-32AD6D4CE262}.Debug|Win32.Build.0 = Debug|Win32
		{BD883425-1DD0-466A-911B-32AD6D4CE262}.DebugDll|Win32.ActiveCfg = DebugDll|Win32
		{BD883425-1DD0-466A-911B-32AD6D4CE262}.DebugDll|Win32.Build.0 = DebugDll|Win32
		{BD883425-1DD0-466A-911B-32AD6D4CE262}.Release|Win32.ActiveCfg = Release|Win32
		{BD883425-1DD0-466A-911B-32AD6D4CE262}.Release|Win32.Build.0 = Release|Win32
		{BD883425-1DD0-466A-911B-32AD6D4CE262}.ReleaseDll|Win32.ActiveCfg = ReleaseDll|Win32
		{BD883425-1DD0-466A-911B-32AD6D4CE262}.ReleaseDll|Win32.Build.0 = ReleaseDll|Win32
	EndGlobalSection
	GlobalSection(SolutionProperties) = preSolution
		HideSolutionNode = FALSE
	EndGlobalSection
EndGlobal
